
Microsoft Visual Studio Solution File, Format Version 12.00
# Visual Studio Version 17
VisualStudioVersion = 17.2.32630.192
MinimumVisualStudioVersion = 10.0.40219.1
Project("{FAE04EC0-301F-11D3-BF4B-00C04F79EFBC}") = "Image.To.WebP", "Image.To.WebP\Image.To.WebP.csproj", "{C92719E1-E9C2-4DC6-9706-ED715AFBA920}"
EndProject
Global
	GlobalSection(SolutionConfigurationPlatforms) = preSolution
		Debug|Any CPU = Debug|Any CPU
		Release|Any CPU = Release|Any CPU
	EndGlobalSection
	GlobalSection(ProjectConfigurationPlatforms) = postSolution
		{C92719E1-E9C2-4DC6-9706-ED715AFBA920}.Debug|Any CPU.ActiveCfg = Debug|Any CPU
		{C92719E1-E9C2-4DC6-9706-ED715AFBA920}.Debug|Any CPU.Build.0 = Debug|Any CPU
		{C92719E1-E9C2-4DC6-9706-ED715AFBA920}.Release|Any CPU.ActiveCfg = Release|Any CPU
		{C92719E1-E9C2-4DC6-9706-ED715AFBA920}.Release|Any CPU.Build.0 = Release|Any CPU
	EndGlobalSection
	GlobalSection(SolutionProperties) = preSolution
		HideSolutionNode = FALSE
	EndGlobalSection
	GlobalSection(ExtensibilityGlobals) = postSolution
		SolutionGuid = {A2A228BC-A8F4-4160-AC03-03890FA2934E}
	EndGlobalSection
EndGlobal
